
Microsoft Visual Studio Solution File, Format Version 12.00
# Visual Studio Version 16
VisualStudioVersion = 16.0.31424.327
MinimumVisualStudioVersion = 10.0.40219.1
Project("{9A19103F-16F7-4668-BE54-9A1E7A4F7556}") = "EdgeSimulatorConsole", "EdgeSimulator.Console\EdgeSimulatorConsole.csproj", "{DBE02C76-A4CC-4E76-A7EA-45F97298BBA0}"
EndProject
Project("{9A19103F-16F7-4668-BE54-9A1E7A4F7556}") = "EdgeSimulator.Core", "EdgeSimulator.Core\EdgeSimulator.Core.csproj", "{C6B7DE37-D916-453C-AD0C-8CC4838862A5}"
EndProject
Project("{9A19103F-16F7-4668-BE54-9A1E7A4F7556}") = "EdgeReaderFunctionApp", "EdgeReaderFunctionApp\EdgeReaderFunctionApp.csproj", "{EB7D5B7E-A0D3-48E6-9A8B-91EF25386596}"
EndProject
Project("{E53339B2-1760-4266-BCC7-CA923CBCF16C}") = "docker-compose", "docker-compose.dcproj", "{69E56B22-C196-4384-9A54-31354D0A2D1B}"
EndProject
Global
	GlobalSection(SolutionConfigurationPlatforms) = preSolution
		Debug|Any CPU = Debug|Any CPU
		Release|Any CPU = Release|Any CPU
	EndGlobalSection
	GlobalSection(ProjectConfigurationPlatforms) = postSolution
		{DBE02C76-A4CC-4E76-A7EA-45F97298BBA0}.Debug|Any CPU.ActiveCfg = Debug|Any CPU
		{DBE02C76-A4CC-4E76-A7EA-45F97298BBA0}.Debug|Any CPU.Build.0 = Debug|Any CPU
		{DBE02C76-A4CC-4E76-A7EA-45F97298BBA0}.Release|Any CPU.ActiveCfg = Release|Any CPU
		{DBE02C76-A4CC-4E76-A7EA-45F97298BBA0}.Release|Any CPU.Build.0 = Release|Any CPU
		{C6B7DE37-D916-453C-AD0C-8CC4838862A5}.Debug|Any CPU.ActiveCfg = Debug|Any CPU
		{C6B7DE37-D916-453C-AD0C-8CC4838862A5}.Debug|Any CPU.Build.0 = Debug|Any CPU
		{C6B7DE37-D916-453C-AD0C-8CC4838862A5}.Release|Any CPU.ActiveCfg = Release|Any CPU
		{C6B7DE37-D916-453C-AD0C-8CC4838862A5}.Release|Any CPU.Build.0 = Release|Any CPU
		{EB7D5B7E-A0D3-48E6-9A8B-91EF25386596}.Debug|Any CPU.ActiveCfg = Debug|Any CPU
		{EB7D5B7E-A0D3-48E6-9A8B-91EF25386596}.Debug|Any CPU.Build.0 = Debug|Any CPU
		{EB7D5B7E-A0D3-48E6-9A8B-91EF25386596}.Release|Any CPU.ActiveCfg = Release|Any CPU
		{EB7D5B7E-A0D3-48E6-9A8B-91EF25386596}.Release|Any CPU.Build.0 = Release|Any CPU
		{69E56B22-C196-4384-9A54-31354D0A2D1B}.Debug|Any CPU.ActiveCfg = Debug|Any CPU
		{69E56B22-C196-4384-9A54-31354D0A2D1B}.Debug|Any CPU.Build.0 = Debug|Any CPU
		{69E56B22-C196-4384-9A54-31354D0A2D1B}.Release|Any CPU.ActiveCfg = Release|Any CPU
		{69E56B22-C196-4384-9A54-31354D0A2D1B}.Release|Any CPU.Build.0 = Release|Any CPU
	EndGlobalSection
	GlobalSection(SolutionProperties) = preSolution
		HideSolutionNode = FALSE
	EndGlobalSection
	GlobalSection(ExtensibilityGlobals) = postSolution
		SolutionGuid = {19C58B1F-65C3-458A-910E-27F138E04709}
	EndGlobalSection
EndGlobal
